
Microsoft Visual Studio Solution File, Format Version 12.00
# Visual Studio Version 17
VisualStudioVersion = 17.8.34525.116
MinimumVisualStudioVersion = 10.0.40219.1
Project("{2150E333-8FDC-42A3-9474-1A3956D46DE8}") = "src", "src", "{A7BD5778-86E6-4A2B-AD8D-60A23A6D7BB1}"
EndProject
Project("{2150E333-8FDC-42A3-9474-1A3956D46DE8}") = "tests", "tests", "{FCE7F102-83E8-4499-BA01-86EAF54D4AEC}"
EndProject
Project("{9A19103F-16F7-4668-BE54-9A1E7A4F7556}") = "RocketseatAuction.API", "src\RocketseatAuction.API\RocketseatAuction.API.csproj", "{C313E8A4-6FFD-4201-8828-AE28679004AA}"
EndProject
Project("{FAE04EC0-301F-11D3-BF4B-00C04F79EFBC}") = "UseCase.Test", "tests\UseCase.Test\UseCase.Test.csproj", "{1AED2979-C87B-4878-A9D4-8F654861FC86}"
EndProject
Global
	GlobalSection(SolutionConfigurationPlatforms) = preSolution
		Debug|Any CPU = Debug|Any CPU
		Release|Any CPU = Release|Any CPU
	EndGlobalSection
	GlobalSection(ProjectConfigurationPlatforms) = postSolution
		{C313E8A4-6FFD-4201-8828-AE28679004AA}.Debug|Any CPU.ActiveCfg = Debug|Any CPU
		{C313E8A4-6FFD-4201-8828-AE28679004AA}.Debug|Any CPU.Build.0 = Debug|Any CPU
		{C313E8A4-6FFD-4201-8828-AE28679004AA}.Release|Any CPU.ActiveCfg = Release|Any CPU
		{C313E8A4-6FFD-4201-8828-AE28679004AA}.Release|Any CPU.Build.0 = Release|Any CPU
		{1AED2979-C87B-4878-A9D4-8F654861FC86}.Debug|Any CPU.ActiveCfg = Debug|Any CPU
		{1AED2979-C87B-4878-A9D4-8F654861FC86}.Debug|Any CPU.Build.0 = Debug|Any CPU
		{1AED2979-C87B-4878-A9D4-8F654861FC86}.Release|Any CPU.ActiveCfg = Release|Any CPU
		{1AED2979-C87B-4878-A9D4-8F654861FC86}.Release|Any CPU.Build.0 = Release|Any CPU
	EndGlobalSection
	GlobalSection(SolutionProperties) = preSolution
		HideSolutionNode = FALSE
	EndGlobalSection
	GlobalSection(NestedProjects) = preSolution
		{C313E8A4-6FFD-4201-8828-AE28679004AA} = {A7BD5778-86E6-4A2B-AD8D-60A23A6D7BB1}
		{1AED2979-C87B-4878-A9D4-8F654861FC86} = {FCE7F102-83E8-4499-BA01-86EAF54D4AEC}
	EndGlobalSection
	GlobalSection(ExtensibilityGlobals) = postSolution
		SolutionGuid = {DDB5B382-E8A2-4CE9-8843-8C7BEB8EF294}
	EndGlobalSection
EndGlobal
